// !$*UTF8*$!
{
	archiveVersion = 1;
	classes = {
	};
	objectVersion = 50;
	objects = {

/* Begin PBXBuildFile section */
		340F883420FCC788007F91B8 /* JournalViewController.swift in Sources */ = {isa = PBXBuildFile; fileRef = 340F883320FCC788007F91B8 /* JournalViewController.swift */; };
		343CA9D5212880EF003F8207 /* Default-568h@2x.png in Resources */ = {isa = PBXBuildFile; fileRef = 343CA9D4212880EF003F8207 /* Default-568h@2x.png */; };
		344B1C0A20F8EAC300BADBDA /* mealsOutlined.png in Resources */ = {isa = PBXBuildFile; fileRef = 344B1C0420F8EAC200BADBDA /* mealsOutlined.png */; };
		344B1C0B20F8EAC300BADBDA /* journalOutlined.png in Resources */ = {isa = PBXBuildFile; fileRef = 344B1C0520F8EAC200BADBDA /* journalOutlined.png */; };
		344B1C0C20F8EAC300BADBDA /* resultsFilleded.png in Resources */ = {isa = PBXBuildFile; fileRef = 344B1C0620F8EAC200BADBDA /* resultsFilleded.png */; };
		344B1C0D20F8EAC300BADBDA /* journalFilled.png in Resources */ = {isa = PBXBuildFile; fileRef = 344B1C0720F8EAC200BADBDA /* journalFilled.png */; };
		344B1C0E20F8EAC300BADBDA /* mealsFilled.png in Resources */ = {isa = PBXBuildFile; fileRef = 344B1C0820F8EAC200BADBDA /* mealsFilled.png */; };
		344B1C0F20F8EAC300BADBDA /* resultsOutlined.png in Resources */ = {isa = PBXBuildFile; fileRef = 344B1C0920F8EAC200BADBDA /* resultsOutlined.png */; };
		344B1C1320F9024A00BADBDA /* journalOutlinedTab.png in Resources */ = {isa = PBXBuildFile; fileRef = 344B1C1020F9024900BADBDA /* journalOutlinedTab.png */; };
		344B1C1420F9024A00BADBDA /* journalOutlinedTab2@X.png in Resources */ = {isa = PBXBuildFile; fileRef = 344B1C1120F9024A00BADBDA /* journalOutlinedTab2@X.png */; };
		344B1C1520F9024A00BADBDA /* journalOutlinedTab3@X.png in Resources */ = {isa = PBXBuildFile; fileRef = 344B1C1220F9024A00BADBDA /* journalOutlinedTab3@X.png */; };
		344B1C1720FA46F500BADBDA /* SettingsViewController.swift in Sources */ = {isa = PBXBuildFile; fileRef = 344B1C1620FA46F500BADBDA /* SettingsViewController.swift */; };
		3479961F2114AB2200BDF6BF /* GroceryListViewController.swift in Sources */ = {isa = PBXBuildFile; fileRef = 3479961E2114AB2200BDF6BF /* GroceryListViewController.swift */; };
		3479962221152B4F00BDF6BF /* GroceryList.pdf in Resources */ = {isa = PBXBuildFile; fileRef = 3479962121152B4F00BDF6BF /* GroceryList.pdf */; };
		347F851B20F7C15E00A9677B /* HealthyWayTabBarController.swift in Sources */ = {isa = PBXBuildFile; fileRef = 347F851A20F7C15E00A9677B /* HealthyWayTabBarController.swift */; };
		349392322147435D004D8ADD /* ChangePasswordViewController.swift in Sources */ = {isa = PBXBuildFile; fileRef = 349392312147435D004D8ADD /* ChangePasswordViewController.swift */; };
		3493923421474366004D8ADD /* CreateNewAccountViewController.swift in Sources */ = {isa = PBXBuildFile; fileRef = 3493923321474365004D8ADD /* CreateNewAccountViewController.swift */; };
		349392362147436E004D8ADD /* ForgottenPasswordViewController.swift in Sources */ = {isa = PBXBuildFile; fileRef = 349392352147436E004D8ADD /* ForgottenPasswordViewController.swift */; };
		349392382147437C004D8ADD /* SignInViewController.swift in Sources */ = {isa = PBXBuildFile; fileRef = 349392372147437C004D8ADD /* SignInViewController.swift */; };
		3493923A21474400004D8ADD /* MyAccountViewController.swift in Sources */ = {isa = PBXBuildFile; fileRef = 3493923921474400004D8ADD /* MyAccountViewController.swift */; };
		3493923C21475B70004D8ADD /* GlobalConstants.swift in Sources */ = {isa = PBXBuildFile; fileRef = 3493923B21475B70004D8ADD /* GlobalConstants.swift */; };
		349A300320F291DC00037E08 /* GoogleService-Info.plist in Resources */ = {isa = PBXBuildFile; fileRef = 349A300220F291DB00037E08 /* GoogleService-Info.plist */; };
		349CE865211F0D9B00F89710 /* SocialMediaViewController.swift in Sources */ = {isa = PBXBuildFile; fileRef = 349CE864211F0D9B00F89710 /* SocialMediaViewController.swift */; };
		34B35B762103A7CE00D3E90B /* WeightChartViewController.swift in Sources */ = {isa = PBXBuildFile; fileRef = 34B35B752103A7CE00D3E90B /* WeightChartViewController.swift */; };
		34BD4F1F20F7854500C76DC4 /* LoadingPleaseWaitViewController.swift in Sources */ = {isa = PBXBuildFile; fileRef = 34BD4F1E20F7854500C76DC4 /* LoadingPleaseWaitViewController.swift */; };
		34C3F0C020EDDFEB002DAF24 /* AppDelegate.swift in Sources */ = {isa = PBXBuildFile; fileRef = 34C3F0BF20EDDFEB002DAF24 /* AppDelegate.swift */; };
		34C3F0C520EDDFEB002DAF24 /* Main.storyboard in Resources */ = {isa = PBXBuildFile; fileRef = 34C3F0C320EDDFEB002DAF24 /* Main.storyboard */; };
		34C3F0C720EDDFED002DAF24 /* Assets.xcassets in Resources */ = {isa = PBXBuildFile; fileRef = 34C3F0C620EDDFED002DAF24 /* Assets.xcassets */; };
		34C3F0CA20EDDFED002DAF24 /* LaunchScreen.storyboard in Resources */ = {isa = PBXBuildFile; fileRef = 34C3F0C820EDDFED002DAF24 /* LaunchScreen.storyboard */; };
		34C3F0DC20EED58B002DAF24 /* ModelController.swift in Sources */ = {isa = PBXBuildFile; fileRef = 34C3F0DB20EED58B002DAF24 /* ModelController.swift */; };
		34F191C321472990008F5550 /* HealthyWayFramework.framework in Frameworks */ = {isa = PBXBuildFile; fileRef = 34F191C22147297C008F5550 /* HealthyWayFramework.framework */; };
		34F191C421472990008F5550 /* HealthyWayFramework.framework in Embed Frameworks */ = {isa = PBXBuildFile; fileRef = 34F191C22147297C008F5550 /* HealthyWayFramework.framework */; settings = {ATTRIBUTES = (CodeSignOnCopy, RemoveHeadersOnCopy, ); }; };
		B4D3F3C4FEDEB38133305043 /* Pods_Healthy_Way.framework in Frameworks */ = {isa = PBXBuildFile; fileRef = 24CDE4ED9926CDAE47CF18B4 /* Pods_Healthy_Way.framework */; };
/* End PBXBuildFile section */

/* Begin PBXContainerItemProxy section */
		34F191C12147297C008F5550 /* PBXContainerItemProxy */ = {
			isa = PBXContainerItemProxy;
			containerPortal = 34F191B22147297B008F5550 /* HealthyWayFramework.xcodeproj */;
			proxyType = 2;
			remoteGlobalIDString = 345B855C2132F12700E2D615;
			remoteInfo = HealthyWayFramework;
		};
		34F191C521472990008F5550 /* PBXContainerItemProxy */ = {
			isa = PBXContainerItemProxy;
			containerPortal = 34F191B22147297B008F5550 /* HealthyWayFramework.xcodeproj */;
			proxyType = 1;
			remoteGlobalIDString = 345B855B2132F12700E2D615;
			remoteInfo = HealthyWayFramework;
		};
/* End PBXContainerItemProxy section */

/* Begin PBXCopyFilesBuildPhase section */
		34F191C721472990008F5550 /* Embed Frameworks */ = {
			isa = PBXCopyFilesBuildPhase;
			buildActionMask = 2147483647;
			dstPath = "";
			dstSubfolderSpec = 10;
			files = (
				34F191C421472990008F5550 /* HealthyWayFramework.framework in Embed Frameworks */,
			);
			name = "Embed Frameworks";
			runOnlyForDeploymentPostprocessing = 0;
		};
/* End PBXCopyFilesBuildPhase section */

/* Begin PBXFileReference section */
		022A85213A16187EB6529231 /* Pods-Healthy Way.debug.xcconfig */ = {isa = PBXFileReference; includeInIndex = 1; lastKnownFileType = text.xcconfig; name = "Pods-Healthy Way.debug.xcconfig"; path = "Pods/Target Support Files/Pods-Healthy Way/Pods-Healthy Way.debug.xcconfig"; sourceTree = "<group>"; };
		24CDE4ED9926CDAE47CF18B4 /* Pods_Healthy_Way.framework */ = {isa = PBXFileReference; explicitFileType = wrapper.framework; includeInIndex = 0; path = Pods_Healthy_Way.framework; sourceTree = BUILT_PRODUCTS_DIR; };
		340F883320FCC788007F91B8 /* JournalViewController.swift */ = {isa = PBXFileReference; lastKnownFileType = sourcecode.swift; path = JournalViewController.swift; sourceTree = "<group>"; };
		343CA9D4212880EF003F8207 /* Default-568h@2x.png */ = {isa = PBXFileReference; lastKnownFileType = image.png; path = "Default-568h@2x.png"; sourceTree = "<group>"; };
		344B1C0420F8EAC200BADBDA /* mealsOutlined.png */ = {isa = PBXFileReference; lastKnownFileType = image.png; path = mealsOutlined.png; sourceTree = "<group>"; };
		344B1C0520F8EAC200BADBDA /* journalOutlined.png */ = {isa = PBXFileReference; lastKnownFileType = image.png; path = journalOutlined.png; sourceTree = "<group>"; };
		344B1C0620F8EAC200BADBDA /* resultsFilleded.png */ = {isa = PBXFileReference; lastKnownFileType = image.png; path = resultsFilleded.png; sourceTree = "<group>"; };
		344B1C0720F8EAC200BADBDA /* journalFilled.png */ = {isa = PBXFileReference; lastKnownFileType = image.png; path = journalFilled.png; sourceTree = "<group>"; };
		344B1C0820F8EAC200BADBDA /* mealsFilled.png */ = {isa = PBXFileReference; lastKnownFileType = image.png; path = mealsFilled.png; sourceTree = "<group>"; };
		344B1C0920F8EAC200BADBDA /* resultsOutlined.png */ = {isa = PBXFileReference; lastKnownFileType = image.png; path = resultsOutlined.png; sourceTree = "<group>"; };
		344B1C1020F9024900BADBDA /* journalOutlinedTab.png */ = {isa = PBXFileReference; lastKnownFileType = image.png; path = journalOutlinedTab.png; sourceTree = "<group>"; };
		344B1C1120F9024A00BADBDA /* journalOutlinedTab2@X.png */ = {isa = PBXFileReference; lastKnownFileType = image.png; path = "journalOutlinedTab2@X.png"; sourceTree = "<group>"; };
		344B1C1220F9024A00BADBDA /* journalOutlinedTab3@X.png */ = {isa = PBXFileReference; lastKnownFileType = image.png; path = "journalOutlinedTab3@X.png"; sourceTree = "<group>"; };
		344B1C1620FA46F500BADBDA /* SettingsViewController.swift */ = {isa = PBXFileReference; lastKnownFileType = sourcecode.swift; path = SettingsViewController.swift; sourceTree = "<group>"; };
		3479961E2114AB2200BDF6BF /* GroceryListViewController.swift */ = {isa = PBXFileReference; lastKnownFileType = sourcecode.swift; path = GroceryListViewController.swift; sourceTree = "<group>"; };
		3479962121152B4F00BDF6BF /* GroceryList.pdf */ = {isa = PBXFileReference; lastKnownFileType = image.pdf; path = GroceryList.pdf; sourceTree = "<group>"; };
		347F851A20F7C15E00A9677B /* HealthyWayTabBarController.swift */ = {isa = PBXFileReference; lastKnownFileType = sourcecode.swift; path = HealthyWayTabBarController.swift; sourceTree = "<group>"; };
		349392312147435D004D8ADD /* ChangePasswordViewController.swift */ = {isa = PBXFileReference; fileEncoding = 4; lastKnownFileType = sourcecode.swift; path = ChangePasswordViewController.swift; sourceTree = "<group>"; };
		3493923321474365004D8ADD /* CreateNewAccountViewController.swift */ = {isa = PBXFileReference; fileEncoding = 4; lastKnownFileType = sourcecode.swift; path = CreateNewAccountViewController.swift; sourceTree = "<group>"; };
		349392352147436E004D8ADD /* ForgottenPasswordViewController.swift */ = {isa = PBXFileReference; fileEncoding = 4; lastKnownFileType = sourcecode.swift; path = ForgottenPasswordViewController.swift; sourceTree = "<group>"; };
		349392372147437C004D8ADD /* SignInViewController.swift */ = {isa = PBXFileReference; fileEncoding = 4; lastKnownFileType = sourcecode.swift; path = SignInViewController.swift; sourceTree = "<group>"; };
		3493923921474400004D8ADD /* MyAccountViewController.swift */ = {isa = PBXFileReference; lastKnownFileType = sourcecode.swift; path = MyAccountViewController.swift; sourceTree = "<group>"; };
		3493923B21475B70004D8ADD /* GlobalConstants.swift */ = {isa = PBXFileReference; lastKnownFileType = sourcecode.swift; path = GlobalConstants.swift; sourceTree = "<group>"; };
		349A300220F291DB00037E08 /* GoogleService-Info.plist */ = {isa = PBXFileReference; fileEncoding = 4; lastKnownFileType = text.plist.xml; path = "GoogleService-Info.plist"; sourceTree = "<group>"; };
		349CE864211F0D9B00F89710 /* SocialMediaViewController.swift */ = {isa = PBXFileReference; lastKnownFileType = sourcecode.swift; path = SocialMediaViewController.swift; sourceTree = "<group>"; };
		34B35B752103A7CE00D3E90B /* WeightChartViewController.swift */ = {isa = PBXFileReference; lastKnownFileType = sourcecode.swift; path = WeightChartViewController.swift; sourceTree = "<group>"; };
		34BD4F1E20F7854500C76DC4 /* LoadingPleaseWaitViewController.swift */ = {isa = PBXFileReference; lastKnownFileType = sourcecode.swift; path = LoadingPleaseWaitViewController.swift; sourceTree = "<group>"; };
		34C3F0BC20EDDFEB002DAF24 /* Healthy Way.app */ = {isa = PBXFileReference; explicitFileType = wrapper.application; includeInIndex = 0; path = "Healthy Way.app"; sourceTree = BUILT_PRODUCTS_DIR; };
		34C3F0BF20EDDFEB002DAF24 /* AppDelegate.swift */ = {isa = PBXFileReference; lastKnownFileType = sourcecode.swift; path = AppDelegate.swift; sourceTree = "<group>"; };
		34C3F0C420EDDFEB002DAF24 /* Base */ = {isa = PBXFileReference; lastKnownFileType = file.storyboard; name = Base; path = Base.lproj/Main.storyboard; sourceTree = "<group>"; };
		34C3F0C620EDDFED002DAF24 /* Assets.xcassets */ = {isa = PBXFileReference; lastKnownFileType = folder.assetcatalog; path = Assets.xcassets; sourceTree = "<group>"; };
		34C3F0C920EDDFED002DAF24 /* Base */ = {isa = PBXFileReference; lastKnownFileType = file.storyboard; name = Base; path = Base.lproj/LaunchScreen.storyboard; sourceTree = "<group>"; };
		34C3F0CB20EDDFED002DAF24 /* Info.plist */ = {isa = PBXFileReference; lastKnownFileType = text.plist.xml; path = Info.plist; sourceTree = "<group>"; };
		34C3F0DB20EED58B002DAF24 /* ModelController.swift */ = {isa = PBXFileReference; lastKnownFileType = sourcecode.swift; path = ModelController.swift; sourceTree = "<group>"; };
		34F191B22147297B008F5550 /* HealthyWayFramework.xcodeproj */ = {isa = PBXFileReference; lastKnownFileType = "wrapper.pb-project"; path = HealthyWayFramework.xcodeproj; sourceTree = "<group>"; };
		34F191B72147297B008F5550 /* dictionariesConstants.swift */ = {isa = PBXFileReference; lastKnownFileType = sourcecode.swift; path = dictionariesConstants.swift; sourceTree = "<group>"; };
		34F191B82147297B008F5550 /* HealthyWayFramework.h */ = {isa = PBXFileReference; lastKnownFileType = sourcecode.c.h; path = HealthyWayFramework.h; sourceTree = "<group>"; };
		34F191BA2147297B008F5550 /* buildJournal.swift */ = {isa = PBXFileReference; lastKnownFileType = sourcecode.swift; path = buildJournal.swift; sourceTree = "<group>"; };
		34F191BB2147297B008F5550 /* Info.plist */ = {isa = PBXFileReference; lastKnownFileType = text.plist.xml; path = Info.plist; sourceTree = "<group>"; };
		34F191BD2147297B008F5550 /* MyMethods.swift */ = {isa = PBXFileReference; lastKnownFileType = sourcecode.swift; path = MyMethods.swift; sourceTree = "<group>"; };
		34F191BE2147297B008F5550 /* ExtendDate.swift */ = {isa = PBXFileReference; lastKnownFileType = sourcecode.swift; path = ExtendDate.swift; sourceTree = "<group>"; };
		8090ED847481DDCB156B045D /* Pods-Healthy Way.release.xcconfig */ = {isa = PBXFileReference; includeInIndex = 1; lastKnownFileType = text.xcconfig; name = "Pods-Healthy Way.release.xcconfig"; path = "Pods/Target Support Files/Pods-Healthy Way/Pods-Healthy Way.release.xcconfig"; sourceTree = "<group>"; };
/* End PBXFileReference section */

/* Begin PBXFrameworksBuildPhase section */
		34C3F0B920EDDFEB002DAF24 /* Frameworks */ = {
			isa = PBXFrameworksBuildPhase;
			buildActionMask = 2147483647;
			files = (
				34F191C321472990008F5550 /* HealthyWayFramework.framework in Frameworks */,
				B4D3F3C4FEDEB38133305043 /* Pods_Healthy_Way.framework in Frameworks */,
			);
			runOnlyForDeploymentPostprocessing = 0;
		};
/* End PBXFrameworksBuildPhase section */

/* Begin PBXGroup section */
		3479962021152B2C00BDF6BF /* Documents */ = {
			isa = PBXGroup;
			children = (
				3479962121152B4F00BDF6BF /* GroceryList.pdf */,
			);
			path = Documents;
			sourceTree = "<group>";
		};
		347C302F20FC055500FFC8AB /* Icons */ = {
			isa = PBXGroup;
			children = (
				344B1C1020F9024900BADBDA /* journalOutlinedTab.png */,
				344B1C1120F9024A00BADBDA /* journalOutlinedTab2@X.png */,
				344B1C1220F9024A00BADBDA /* journalOutlinedTab3@X.png */,
				344B1C0420F8EAC200BADBDA /* mealsOutlined.png */,
				344B1C0620F8EAC200BADBDA /* resultsFilleded.png */,
				344B1C0720F8EAC200BADBDA /* journalFilled.png */,
				344B1C0820F8EAC200BADBDA /* mealsFilled.png */,
				344B1C0920F8EAC200BADBDA /* resultsOutlined.png */,
				344B1C0520F8EAC200BADBDA /* journalOutlined.png */,
			);
			path = Icons;
			sourceTree = "<group>";
		};
		34C3F0B320EDDFEA002DAF24 = {
			isa = PBXGroup;
			children = (
				34C3F0C320EDDFEB002DAF24 /* Main.storyboard */,
				3493923B21475B70004D8ADD /* GlobalConstants.swift */,
				34F191B12147297B008F5550 /* HealthyWayFramework */,
				343CA9D4212880EF003F8207 /* Default-568h@2x.png */,
				34C3F0BE20EDDFEB002DAF24 /* HealthyWay */,
				34C3F0BD20EDDFEB002DAF24 /* Products */,
				EFCD57C4F5CE2320AAC09CC2 /* Pods */,
				47E91CEB502DBDF6270C65F9 /* Frameworks */,
			);
			sourceTree = "<group>";
		};
		34C3F0BD20EDDFEB002DAF24 /* Products */ = {
			isa = PBXGroup;
			children = (
				34C3F0BC20EDDFEB002DAF24 /* Healthy Way.app */,
			);
			name = Products;
			sourceTree = "<group>";
		};
		34C3F0BE20EDDFEB002DAF24 /* HealthyWay */ = {
			isa = PBXGroup;
			children = (
				34DFDBAC20F63BC1000B422B /* ViewControllers */,
				34DFDBAB20F63BAB000B422B /* Model */,
				34C3F0D220EDE134002DAF24 /* Supporting Files */,
				34C3F0CB20EDDFED002DAF24 /* Info.plist */,
				349A300220F291DB00037E08 /* GoogleService-Info.plist */,
				3479962021152B2C00BDF6BF /* Documents */,
			);
			path = HealthyWay;
			sourceTree = "<group>";
		};
		34C3F0D220EDE134002DAF24 /* Supporting Files */ = {
			isa = PBXGroup;
			children = (
				34C3F0BF20EDDFEB002DAF24 /* AppDelegate.swift */,
				34C3F0C620EDDFED002DAF24 /* Assets.xcassets */,
				347C302F20FC055500FFC8AB /* Icons */,
				34C3F0C820EDDFED002DAF24 /* LaunchScreen.storyboard */,
			);
			path = "Supporting Files";
			sourceTree = "<group>";
		};
		34DFDBAB20F63BAB000B422B /* Model */ = {
			isa = PBXGroup;
			children = (
				34C3F0DB20EED58B002DAF24 /* ModelController.swift */,
			);
			path = Model;
			sourceTree = "<group>";
		};
		34DFDBAC20F63BC1000B422B /* ViewControllers */ = {
			isa = PBXGroup;
			children = (
				349392312147435D004D8ADD /* ChangePasswordViewController.swift */,
				3493923321474365004D8ADD /* CreateNewAccountViewController.swift */,
				349392352147436E004D8ADD /* ForgottenPasswordViewController.swift */,
				3479961E2114AB2200BDF6BF /* GroceryListViewController.swift */,
				347F851A20F7C15E00A9677B /* HealthyWayTabBarController.swift */,
				340F883320FCC788007F91B8 /* JournalViewController.swift */,
				34BD4F1E20F7854500C76DC4 /* LoadingPleaseWaitViewController.swift */,
				3493923921474400004D8ADD /* MyAccountViewController.swift */,
				344B1C1620FA46F500BADBDA /* SettingsViewController.swift */,
				349392372147437C004D8ADD /* SignInViewController.swift */,
				349CE864211F0D9B00F89710 /* SocialMediaViewController.swift */,
				34B35B752103A7CE00D3E90B /* WeightChartViewController.swift */,
			);
			path = ViewControllers;
			sourceTree = "<group>";
		};
		34F191B12147297B008F5550 /* HealthyWayFramework */ = {
			isa = PBXGroup;
			children = (
				34F191B22147297B008F5550 /* HealthyWayFramework.xcodeproj */,
				34F191B52147297B008F5550 /* HealthyWayFramework */,
			);
			name = HealthyWayFramework;
			path = ../../HealthyWayFrameworkFolder/HealthyWayFramework;
			sourceTree = "<group>";
		};
		34F191B32147297B008F5550 /* Products */ = {
			isa = PBXGroup;
			children = (
				34F191C22147297C008F5550 /* HealthyWayFramework.framework */,
			);
			name = Products;
			sourceTree = "<group>";
		};
		34F191B52147297B008F5550 /* HealthyWayFramework */ = {
			isa = PBXGroup;
			children = (
				34F191B62147297B008F5550 /* Constants */,
				34F191B82147297B008F5550 /* HealthyWayFramework.h */,
				34F191B92147297B008F5550 /* Presentation */,
				34F191BB2147297B008F5550 /* Info.plist */,
				34F191BC2147297B008F5550 /* CommonCode */,
				34F191BF2147297B008F5550 /* Widgets */,
			);
			path = HealthyWayFramework;
			sourceTree = "<group>";
		};
		34F191B62147297B008F5550 /* Constants */ = {
			isa = PBXGroup;
			children = (
				34F191B72147297B008F5550 /* dictionariesConstants.swift */,
			);
			path = Constants;
			sourceTree = "<group>";
		};
		34F191B92147297B008F5550 /* Presentation */ = {
			isa = PBXGroup;
			children = (
				34F191BA2147297B008F5550 /* buildJournal.swift */,
			);
			path = Presentation;
			sourceTree = "<group>";
		};
		34F191BC2147297B008F5550 /* CommonCode */ = {
			isa = PBXGroup;
			children = (
				34F191BD2147297B008F5550 /* MyMethods.swift */,
				34F191BE2147297B008F5550 /* ExtendDate.swift */,
			);
			path = CommonCode;
			sourceTree = "<group>";
		};
		34F191BF2147297B008F5550 /* Widgets */ = {
			isa = PBXGroup;
			children = (
			);
			path = Widgets;
			sourceTree = "<group>";
		};
		47E91CEB502DBDF6270C65F9 /* Frameworks */ = {
			isa = PBXGroup;
			children = (
				24CDE4ED9926CDAE47CF18B4 /* Pods_Healthy_Way.framework */,
			);
			name = Frameworks;
			sourceTree = "<group>";
		};
		EFCD57C4F5CE2320AAC09CC2 /* Pods */ = {
			isa = PBXGroup;
			children = (
				022A85213A16187EB6529231 /* Pods-Healthy Way.debug.xcconfig */,
				8090ED847481DDCB156B045D /* Pods-Healthy Way.release.xcconfig */,
			);
			name = Pods;
			sourceTree = "<group>";
		};
/* End PBXGroup section */

/* Begin PBXNativeTarget section */
		34C3F0BB20EDDFEB002DAF24 /* Healthy Way */ = {
			isa = PBXNativeTarget;
			buildConfigurationList = 34C3F0CE20EDDFED002DAF24 /* Build configuration list for PBXNativeTarget "Healthy Way" */;
			buildPhases = (
				98ED5302E4CC96863FBB4AED /* [CP] Check Pods Manifest.lock */,
				34C3F0B820EDDFEB002DAF24 /* Sources */,
				34C3F0B920EDDFEB002DAF24 /* Frameworks */,
				34C3F0BA20EDDFEB002DAF24 /* Resources */,
				3013BBCA5C2825C09D151A08 /* [CP] Embed Pods Frameworks */,
				34F191C721472990008F5550 /* Embed Frameworks */,
			);
			buildRules = (
			);
			dependencies = (
				34F191C621472990008F5550 /* PBXTargetDependency */,
			);
			name = "Healthy Way";
			productName = SimpleDieting;
			productReference = 34C3F0BC20EDDFEB002DAF24 /* Healthy Way.app */;
			productType = "com.apple.product-type.application";
		};
/* End PBXNativeTarget section */

/* Begin PBXProject section */
		34C3F0B420EDDFEA002DAF24 /* Project object */ = {
			isa = PBXProject;
			attributes = {
				LastSwiftUpdateCheck = 0940;
				LastUpgradeCheck = 0940;
				ORGANIZATIONNAME = waxcruz;
				TargetAttributes = {
					34C3F0BB20EDDFEB002DAF24 = {
						CreatedOnToolsVersion = 9.4.1;
					};
				};
			};
			buildConfigurationList = 34C3F0B720EDDFEA002DAF24 /* Build configuration list for PBXProject "Healthy Way" */;
			compatibilityVersion = "Xcode 9.3";
			developmentRegion = en;
			hasScannedForEncodings = 0;
			knownRegions = (
				en,
				Base,
			);
			mainGroup = 34C3F0B320EDDFEA002DAF24;
			productRefGroup = 34C3F0BD20EDDFEB002DAF24 /* Products */;
			projectDirPath = "";
			projectReferences = (
				{
					ProductGroup = 34F191B32147297B008F5550 /* Products */;
					ProjectRef = 34F191B22147297B008F5550 /* HealthyWayFramework.xcodeproj */;
				},
			);
			projectRoot = "";
			targets = (
				34C3F0BB20EDDFEB002DAF24 /* Healthy Way */,
			);
		};
/* End PBXProject section */

/* Begin PBXReferenceProxy section */
		34F191C22147297C008F5550 /* HealthyWayFramework.framework */ = {
			isa = PBXReferenceProxy;
			fileType = wrapper.framework;
			path = HealthyWayFramework.framework;
			remoteRef = 34F191C12147297C008F5550 /* PBXContainerItemProxy */;
			sourceTree = BUILT_PRODUCTS_DIR;
		};
/* End PBXReferenceProxy section */

/* Begin PBXResourcesBuildPhase section */
		34C3F0BA20EDDFEB002DAF24 /* Resources */ = {
			isa = PBXResourcesBuildPhase;
			buildActionMask = 2147483647;
			files = (
				344B1C1420F9024A00BADBDA /* journalOutlinedTab2@X.png in Resources */,
				344B1C0A20F8EAC300BADBDA /* mealsOutlined.png in Resources */,
				34C3F0CA20EDDFED002DAF24 /* LaunchScreen.storyboard in Resources */,
				344B1C1320F9024A00BADBDA /* journalOutlinedTab.png in Resources */,
				344B1C1520F9024A00BADBDA /* journalOutlinedTab3@X.png in Resources */,
				349A300320F291DC00037E08 /* GoogleService-Info.plist in Resources */,
				344B1C0B20F8EAC300BADBDA /* journalOutlined.png in Resources */,
				344B1C0F20F8EAC300BADBDA /* resultsOutlined.png in Resources */,
				343CA9D5212880EF003F8207 /* Default-568h@2x.png in Resources */,
				34C3F0C720EDDFED002DAF24 /* Assets.xcassets in Resources */,
				34C3F0C520EDDFEB002DAF24 /* Main.storyboard in Resources */,
				3479962221152B4F00BDF6BF /* GroceryList.pdf in Resources */,
				344B1C0C20F8EAC300BADBDA /* resultsFilleded.png in Resources */,
				344B1C0D20F8EAC300BADBDA /* journalFilled.png in Resources */,
				344B1C0E20F8EAC300BADBDA /* mealsFilled.png in Resources */,
			);
			runOnlyForDeploymentPostprocessing = 0;
		};
/* End PBXResourcesBuildPhase section */

/* Begin PBXShellScriptBuildPhase section */
		3013BBCA5C2825C09D151A08 /* [CP] Embed Pods Frameworks */ = {
			isa = PBXShellScriptBuildPhase;
			buildActionMask = 2147483647;
			files = (
			);
			inputPaths = (
				"${SRCROOT}/Pods/Target Support Files/Pods-Healthy Way/Pods-Healthy Way-frameworks.sh",
				"${BUILT_PRODUCTS_DIR}/Charts/Charts.framework",
				"${BUILT_PRODUCTS_DIR}/GTMSessionFetcher/GTMSessionFetcher.framework",
				"${BUILT_PRODUCTS_DIR}/GoogleUtilities/GoogleUtilities.framework",
				"${BUILT_PRODUCTS_DIR}/leveldb-library/leveldb.framework",
				"${BUILT_PRODUCTS_DIR}/nanopb/nanopb.framework",
			);
			name = "[CP] Embed Pods Frameworks";
			outputPaths = (
				"${TARGET_BUILD_DIR}/${FRAMEWORKS_FOLDER_PATH}/Charts.framework",
				"${TARGET_BUILD_DIR}/${FRAMEWORKS_FOLDER_PATH}/GTMSessionFetcher.framework",
				"${TARGET_BUILD_DIR}/${FRAMEWORKS_FOLDER_PATH}/GoogleUtilities.framework",
				"${TARGET_BUILD_DIR}/${FRAMEWORKS_FOLDER_PATH}/leveldb.framework",
				"${TARGET_BUILD_DIR}/${FRAMEWORKS_FOLDER_PATH}/nanopb.framework",
			);
			runOnlyForDeploymentPostprocessing = 0;
			shellPath = /bin/sh;
			shellScript = "\"${SRCROOT}/Pods/Target Support Files/Pods-Healthy Way/Pods-Healthy Way-frameworks.sh\"\n";
			showEnvVarsInLog = 0;
		};
		98ED5302E4CC96863FBB4AED /* [CP] Check Pods Manifest.lock */ = {
			isa = PBXShellScriptBuildPhase;
			buildActionMask = 2147483647;
			files = (
			);
			inputPaths = (
				"${PODS_PODFILE_DIR_PATH}/Podfile.lock",
				"${PODS_ROOT}/Manifest.lock",
			);
			name = "[CP] Check Pods Manifest.lock";
			outputPaths = (
				"$(DERIVED_FILE_DIR)/Pods-Healthy Way-checkManifestLockResult.txt",
			);
			runOnlyForDeploymentPostprocessing = 0;
			shellPath = /bin/sh;
			shellScript = "diff \"${PODS_PODFILE_DIR_PATH}/Podfile.lock\" \"${PODS_ROOT}/Manifest.lock\" > /dev/null\nif [ $? != 0 ] ; then\n    # print error to STDERR\n    echo \"error: The sandbox is not in sync with the Podfile.lock. Run 'pod install' or update your CocoaPods installation.\" >&2\n    exit 1\nfi\n# This output is used by Xcode 'outputs' to avoid re-running this script phase.\necho \"SUCCESS\" > \"${SCRIPT_OUTPUT_FILE_0}\"\n";
			showEnvVarsInLog = 0;
		};
/* End PBXShellScriptBuildPhase section */

/* Begin PBXSourcesBuildPhase section */
		34C3F0B820EDDFEB002DAF24 /* Sources */ = {
			isa = PBXSourcesBuildPhase;
			buildActionMask = 2147483647;
			files = (
				34BD4F1F20F7854500C76DC4 /* LoadingPleaseWaitViewController.swift in Sources */,
				3493923421474366004D8ADD /* CreateNewAccountViewController.swift in Sources */,
				34B35B762103A7CE00D3E90B /* WeightChartViewController.swift in Sources */,
				34C3F0DC20EED58B002DAF24 /* ModelController.swift in Sources */,
				347F851B20F7C15E00A9677B /* HealthyWayTabBarController.swift in Sources */,
				344B1C1720FA46F500BADBDA /* SettingsViewController.swift in Sources */,
				349392382147437C004D8ADD /* SignInViewController.swift in Sources */,
				349392362147436E004D8ADD /* ForgottenPasswordViewController.swift in Sources */,
				3493923A21474400004D8ADD /* MyAccountViewController.swift in Sources */,
				349CE865211F0D9B00F89710 /* SocialMediaViewController.swift in Sources */,
				34C3F0C020EDDFEB002DAF24 /* AppDelegate.swift in Sources */,
				349392322147435D004D8ADD /* ChangePasswordViewController.swift in Sources */,
				3479961F2114AB2200BDF6BF /* GroceryListViewController.swift in Sources */,
				3493923C21475B70004D8ADD /* GlobalConstants.swift in Sources */,
				340F883420FCC788007F91B8 /* JournalViewController.swift in Sources */,
			);
			runOnlyForDeploymentPostprocessing = 0;
		};
/* End PBXSourcesBuildPhase section */

/* Begin PBXTargetDependency section */
		34F191C621472990008F5550 /* PBXTargetDependency */ = {
			isa = PBXTargetDependency;
			name = HealthyWayFramework;
			targetProxy = 34F191C521472990008F5550 /* PBXContainerItemProxy */;
		};
/* End PBXTargetDependency section */

/* Begin PBXVariantGroup section */
		34C3F0C320EDDFEB002DAF24 /* Main.storyboard */ = {
			isa = PBXVariantGroup;
			children = (
				34C3F0C420EDDFEB002DAF24 /* Base */,
			);
			name = Main.storyboard;
			sourceTree = "<group>";
		};
		34C3F0C820EDDFED002DAF24 /* LaunchScreen.storyboard */ = {
			isa = PBXVariantGroup;
			children = (
				34C3F0C920EDDFED002DAF24 /* Base */,
			);
			name = LaunchScreen.storyboard;
			sourceTree = "<group>";
		};
/* End PBXVariantGroup section */

/* Begin XCBuildConfiguration section */
		34C3F0CC20EDDFED002DAF24 /* Debug */ = {
			isa = XCBuildConfiguration;
			buildSettings = {
				ALWAYS_SEARCH_USER_PATHS = NO;
				CLANG_ANALYZER_NONNULL = YES;
				CLANG_ANALYZER_NUMBER_OBJECT_CONVERSION = YES_AGGRESSIVE;
				CLANG_CXX_LANGUAGE_STANDARD = "gnu++14";
				CLANG_CXX_LIBRARY = "libc++";
				CLANG_ENABLE_MODULES = YES;
				CLANG_ENABLE_OBJC_ARC = YES;
				CLANG_ENABLE_OBJC_WEAK = YES;
				CLANG_WARN_BLOCK_CAPTURE_AUTORELEASING = YES;
				CLANG_WARN_BOOL_CONVERSION = YES;
				CLANG_WARN_COMMA = YES;
				CLANG_WARN_CONSTANT_CONVERSION = YES;
				CLANG_WARN_DEPRECATED_OBJC_IMPLEMENTATIONS = YES;
				CLANG_WARN_DIRECT_OBJC_ISA_USAGE = YES_ERROR;
				CLANG_WARN_DOCUMENTATION_COMMENTS = YES;
				CLANG_WARN_EMPTY_BODY = YES;
				CLANG_WARN_ENUM_CONVERSION = YES;
				CLANG_WARN_INFINITE_RECURSION = YES;
				CLANG_WARN_INT_CONVERSION = YES;
				CLANG_WARN_NON_LITERAL_NULL_CONVERSION = YES;
				CLANG_WARN_OBJC_IMPLICIT_RETAIN_SELF = YES;
				CLANG_WARN_OBJC_LITERAL_CONVERSION = YES;
				CLANG_WARN_OBJC_ROOT_CLASS = YES_ERROR;
				CLANG_WARN_RANGE_LOOP_ANALYSIS = YES;
				CLANG_WARN_STRICT_PROTOTYPES = YES;
				CLANG_WARN_SUSPICIOUS_MOVE = YES;
				CLANG_WARN_UNGUARDED_AVAILABILITY = YES_AGGRESSIVE;
				CLANG_WARN_UNREACHABLE_CODE = YES;
				CLANG_WARN__DUPLICATE_METHOD_MATCH = YES;
				CODE_SIGN_IDENTITY = "iPhone Developer";
				COPY_PHASE_STRIP = NO;
				DEBUG_INFORMATION_FORMAT = dwarf;
				ENABLE_STRICT_OBJC_MSGSEND = YES;
				ENABLE_TESTABILITY = YES;
				GCC_C_LANGUAGE_STANDARD = gnu11;
				GCC_DYNAMIC_NO_PIC = NO;
				GCC_NO_COMMON_BLOCKS = YES;
				GCC_OPTIMIZATION_LEVEL = 0;
				GCC_PREPROCESSOR_DEFINITIONS = (
					"DEBUG=1",
					"$(inherited)",
				);
				GCC_WARN_64_TO_32_BIT_CONVERSION = YES;
				GCC_WARN_ABOUT_RETURN_TYPE = YES_ERROR;
				GCC_WARN_UNDECLARED_SELECTOR = YES;
				GCC_WARN_UNINITIALIZED_AUTOS = YES_AGGRESSIVE;
				GCC_WARN_UNUSED_FUNCTION = YES;
				GCC_WARN_UNUSED_VARIABLE = YES;
				IPHONEOS_DEPLOYMENT_TARGET = 10.3;
				MTL_ENABLE_DEBUG_INFO = YES;
				ONLY_ACTIVE_ARCH = YES;
				SDKROOT = iphoneos;
				SWIFT_ACTIVE_COMPILATION_CONDITIONS = DEBUG;
				SWIFT_OPTIMIZATION_LEVEL = "-Onone";
			};
			name = Debug;
		};
		34C3F0CD20EDDFED002DAF24 /* Release */ = {
			isa = XCBuildConfiguration;
			buildSettings = {
				ALWAYS_SEARCH_USER_PATHS = NO;
				CLANG_ANALYZER_NONNULL = YES;
				CLANG_ANALYZER_NUMBER_OBJECT_CONVERSION = YES_AGGRESSIVE;
				CLANG_CXX_LANGUAGE_STANDARD = "gnu++14";
				CLANG_CXX_LIBRARY = "libc++";
				CLANG_ENABLE_MODULES = YES;
				CLANG_ENABLE_OBJC_ARC = YES;
				CLANG_ENABLE_OBJC_WEAK = YES;
				CLANG_WARN_BLOCK_CAPTURE_AUTORELEASING = YES;
				CLANG_WARN_BOOL_CONVERSION = YES;
				CLANG_WARN_COMMA = YES;
				CLANG_WARN_CONSTANT_CONVERSION = YES;
				CLANG_WARN_DEPRECATED_OBJC_IMPLEMENTATIONS = YES;
				CLANG_WARN_DIRECT_OBJC_ISA_USAGE = YES_ERROR;
				CLANG_WARN_DOCUMENTATION_COMMENTS = YES;
				CLANG_WARN_EMPTY_BODY = YES;
				CLANG_WARN_ENUM_CONVERSION = YES;
				CLANG_WARN_INFINITE_RECURSION = YES;
				CLANG_WARN_INT_CONVERSION = YES;
				CLANG_WARN_NON_LITERAL_NULL_CONVERSION = YES;
				CLANG_WARN_OBJC_IMPLICIT_RETAIN_SELF = YES;
				CLANG_WARN_OBJC_LITERAL_CONVERSION = YES;
				CLANG_WARN_OBJC_ROOT_CLASS = YES_ERROR;
				CLANG_WARN_RANGE_LOOP_ANALYSIS = YES;
				CLANG_WARN_STRICT_PROTOTYPES = YES;
				CLANG_WARN_SUSPICIOUS_MOVE = YES;
				CLANG_WARN_UNGUARDED_AVAILABILITY = YES_AGGRESSIVE;
				CLANG_WARN_UNREACHABLE_CODE = YES;
				CLANG_WARN__DUPLICATE_METHOD_MATCH = YES;
				CODE_SIGN_IDENTITY = "iPhone Developer";
				COPY_PHASE_STRIP = NO;
				DEBUG_INFORMATION_FORMAT = "dwarf-with-dsym";
				ENABLE_NS_ASSERTIONS = NO;
				ENABLE_STRICT_OBJC_MSGSEND = YES;
				GCC_C_LANGUAGE_STANDARD = gnu11;
				GCC_NO_COMMON_BLOCKS = YES;
				GCC_WARN_64_TO_32_BIT_CONVERSION = YES;
				GCC_WARN_ABOUT_RETURN_TYPE = YES_ERROR;
				GCC_WARN_UNDECLARED_SELECTOR = YES;
				GCC_WARN_UNINITIALIZED_AUTOS = YES_AGGRESSIVE;
				GCC_WARN_UNUSED_FUNCTION = YES;
				GCC_WARN_UNUSED_VARIABLE = YES;
				IPHONEOS_DEPLOYMENT_TARGET = 10.3;
				MTL_ENABLE_DEBUG_INFO = NO;
				SDKROOT = iphoneos;
				SWIFT_COMPILATION_MODE = wholemodule;
				SWIFT_OPTIMIZATION_LEVEL = "-O";
				VALIDATE_PRODUCT = YES;
			};
			name = Release;
		};
		34C3F0CF20EDDFED002DAF24 /* Debug */ = {
			isa = XCBuildConfiguration;
			baseConfigurationReference = 022A85213A16187EB6529231 /* Pods-Healthy Way.debug.xcconfig */;
			buildSettings = {
				ALWAYS_EMBED_SWIFT_STANDARD_LIBRARIES = "$(inherited)";
				ASSETCATALOG_COMPILER_APPICON_NAME = AppIcon;
				CODE_SIGN_IDENTITY = "iPhone Developer";
				CODE_SIGN_STYLE = Automatic;
				DEVELOPMENT_TEAM = 6DMN9LK5TD;
				INFOPLIST_FILE = "$(SRCROOT)/HealthyWay/Info.plist";
				LD_RUNPATH_SEARCH_PATHS = (
					"$(inherited)",
					"@executable_path/Frameworks",
				);
				PRODUCT_BUNDLE_IDENTIFIER = us.thehealthyway.healthyway;
				PRODUCT_NAME = "$(TARGET_NAME)";
				PROVISIONING_PROFILE_SPECIFIER = "";
				SWIFT_VERSION = 4.0;
				TARGETED_DEVICE_FAMILY = "1,2";
			};
			name = Debug;
		};
		34C3F0D020EDDFED002DAF24 /* Release */ = {
			isa = XCBuildConfiguration;
			baseConfigurationReference = 8090ED847481DDCB156B045D /* Pods-Healthy Way.release.xcconfig */;
			buildSettings = {
				ALWAYS_EMBED_SWIFT_STANDARD_LIBRARIES = "$(inherited)";
				ASSETCATALOG_COMPILER_APPICON_NAME = AppIcon;
				CODE_SIGN_IDENTITY = "iPhone Developer";
				CODE_SIGN_STYLE = Automatic;
				DEVELOPMENT_TEAM = 6DMN9LK5TD;
				INFOPLIST_FILE = "$(SRCROOT)/HealthyWay/Info.plist";
				LD_RUNPATH_SEARCH_PATHS = (
					"$(inherited)",
					"@executable_path/Frameworks",
				);
				PRODUCT_BUNDLE_IDENTIFIER = us.thehealthyway.healthyway;
				PRODUCT_NAME = "$(TARGET_NAME)";
				PROVISIONING_PROFILE_SPECIFIER = "";
				SWIFT_VERSION = 4.0;
				TARGETED_DEVICE_FAMILY = "1,2";
			};
			name = Release;
		};
/* End XCBuildConfiguration section */

/* Begin XCConfigurationList section */
		34C3F0B720EDDFEA002DAF24 /* Build configuration list for PBXProject "Healthy Way" */ = {
			isa = XCConfigurationList;
			buildConfigurations = (
				34C3F0CC20EDDFED002DAF24 /* Debug */,
				34C3F0CD20EDDFED002DAF24 /* Release */,
			);
			defaultConfigurationIsVisible = 0;
			defaultConfigurationName = Release;
		};
		34C3F0CE20EDDFED002DAF24 /* Build configuration list for PBXNativeTarget "Healthy Way" */ = {
			isa = XCConfigurationList;
			buildConfigurations = (
				34C3F0CF20EDDFED002DAF24 /* Debug */,
				34C3F0D020EDDFED002DAF24 /* Release */,
			);
			defaultConfigurationIsVisible = 0;
			defaultConfigurationName = Release;
		};
/* End XCConfigurationList section */
	};
	rootObject = 34C3F0B420EDDFEA002DAF24 /* Project object */;
}
