// !$*UTF8*$!
{
	archiveVersion = 1;
	classes = {
	};
	objectVersion = 50;
	objects = {

/* Begin PBXBuildFile section */
		34C3F0C020EDDFEB002DAF24 /* AppDelegate.swift in Sources */ = {isa = PBXBuildFile; fileRef = 34C3F0BF20EDDFEB002DAF24 /* AppDelegate.swift */; };
		34C3F0C520EDDFEB002DAF24 /* Main.storyboard in Resources */ = {isa = PBXBuildFile; fileRef = 34C3F0C320EDDFEB002DAF24 /* Main.storyboard */; };
		34C3F0C720EDDFED002DAF24 /* Assets.xcassets in Resources */ = {isa = PBXBuildFile; fileRef = 34C3F0C620EDDFED002DAF24 /* Assets.xcassets */; };
		34C3F0CA20EDDFED002DAF24 /* LaunchScreen.storyboard in Resources */ = {isa = PBXBuildFile; fileRef = 34C3F0C820EDDFED002DAF24 /* LaunchScreen.storyboard */; };
		34C3F0D420EE55FD002DAF24 /* SimpleDietViewController.swift in Sources */ = {isa = PBXBuildFile; fileRef = 34C3F0D320EE55FD002DAF24 /* SimpleDietViewController.swift */; };
		34C3F0DA20EED2FB002DAF24 /* Model.swift in Sources */ = {isa = PBXBuildFile; fileRef = 34C3F0D920EED2FB002DAF24 /* Model.swift */; };
		34C3F0DC20EED58B002DAF24 /* ModelController.swift in Sources */ = {isa = PBXBuildFile; fileRef = 34C3F0DB20EED58B002DAF24 /* ModelController.swift */; };
/* End PBXBuildFile section */

/* Begin PBXFileReference section */
		34C3F0BC20EDDFEB002DAF24 /* SimpleDieting.app */ = {isa = PBXFileReference; explicitFileType = wrapper.application; includeInIndex = 0; path = SimpleDieting.app; sourceTree = BUILT_PRODUCTS_DIR; };
		34C3F0BF20EDDFEB002DAF24 /* AppDelegate.swift */ = {isa = PBXFileReference; lastKnownFileType = sourcecode.swift; path = AppDelegate.swift; sourceTree = "<group>"; };
		34C3F0C420EDDFEB002DAF24 /* Base */ = {isa = PBXFileReference; lastKnownFileType = file.storyboard; name = Base; path = Base.lproj/Main.storyboard; sourceTree = "<group>"; };
		34C3F0C620EDDFED002DAF24 /* Assets.xcassets */ = {isa = PBXFileReference; lastKnownFileType = folder.assetcatalog; path = Assets.xcassets; sourceTree = "<group>"; };
		34C3F0C920EDDFED002DAF24 /* Base */ = {isa = PBXFileReference; lastKnownFileType = file.storyboard; name = Base; path = Base.lproj/LaunchScreen.storyboard; sourceTree = "<group>"; };
		34C3F0CB20EDDFED002DAF24 /* Info.plist */ = {isa = PBXFileReference; lastKnownFileType = text.plist.xml; path = Info.plist; sourceTree = "<group>"; };
		34C3F0D320EE55FD002DAF24 /* SimpleDietViewController.swift */ = {isa = PBXFileReference; lastKnownFileType = sourcecode.swift; path = SimpleDietViewController.swift; sourceTree = "<group>"; };
		34C3F0D920EED2FB002DAF24 /* Model.swift */ = {isa = PBXFileReference; lastKnownFileType = sourcecode.swift; path = Model.swift; sourceTree = "<group>"; };
		34C3F0DB20EED58B002DAF24 /* ModelController.swift */ = {isa = PBXFileReference; lastKnownFileType = sourcecode.swift; path = ModelController.swift; sourceTree = "<group>"; };
/* End PBXFileReference section */

/* Begin PBXFrameworksBuildPhase section */
		34C3F0B920EDDFEB002DAF24 /* Frameworks */ = {
			isa = PBXFrameworksBuildPhase;
			buildActionMask = 2147483647;
			files = (
			);
			runOnlyForDeploymentPostprocessing = 0;
		};
/* End PBXFrameworksBuildPhase section */

/* Begin PBXGroup section */
		34C3F0B320EDDFEA002DAF24 = {
			isa = PBXGroup;
			children = (
				34C3F0BE20EDDFEB002DAF24 /* SimpleDieting */,
				34C3F0BD20EDDFEB002DAF24 /* Products */,
			);
			sourceTree = "<group>";
		};
		34C3F0BD20EDDFEB002DAF24 /* Products */ = {
			isa = PBXGroup;
			children = (
				34C3F0BC20EDDFEB002DAF24 /* SimpleDieting.app */,
			);
			name = Products;
			sourceTree = "<group>";
		};
		34C3F0BE20EDDFEB002DAF24 /* SimpleDieting */ = {
			isa = PBXGroup;
			children = (
				34C3F0C320EDDFEB002DAF24 /* Main.storyboard */,
				34C3F0D920EED2FB002DAF24 /* Model.swift */,
				34C3F0DB20EED58B002DAF24 /* ModelController.swift */,
				34C3F0D320EE55FD002DAF24 /* SimpleDietViewController.swift */,
				34C3F0D220EDE134002DAF24 /* Supporting Files */,
				34C3F0CB20EDDFED002DAF24 /* Info.plist */,
			);
			path = SimpleDieting;
			sourceTree = "<group>";
		};
		34C3F0D220EDE134002DAF24 /* Supporting Files */ = {
			isa = PBXGroup;
			children = (
				34C3F0BF20EDDFEB002DAF24 /* AppDelegate.swift */,
				34C3F0C620EDDFED002DAF24 /* Assets.xcassets */,
				34C3F0C820EDDFED002DAF24 /* LaunchScreen.storyboard */,
			);
			path = "Supporting Files";
			sourceTree = "<group>";
		};
/* End PBXGroup section */

/* Begin PBXNativeTarget section */
		34C3F0BB20EDDFEB002DAF24 /* SimpleDieting */ = {
			isa = PBXNativeTarget;
			buildConfigurationList = 34C3F0CE20EDDFED002DAF24 /* Build configuration list for PBXNativeTarget "SimpleDieting" */;
			buildPhases = (
				34C3F0B820EDDFEB002DAF24 /* Sources */,
				34C3F0B920EDDFEB002DAF24 /* Frameworks */,
				34C3F0BA20EDDFEB002DAF24 /* Resources */,
			);
			buildRules = (
			);
			dependencies = (
			);
			name = SimpleDieting;
			productName = SimpleDieting;
			productReference = 34C3F0BC20EDDFEB002DAF24 /* SimpleDieting.app */;
			productType = "com.apple.product-type.application";
		};
/* End PBXNativeTarget section */

/* Begin PBXProject section */
		34C3F0B420EDDFEA002DAF24 /* Project object */ = {
			isa = PBXProject;
			attributes = {
				LastSwiftUpdateCheck = 0940;
				LastUpgradeCheck = 0940;
				ORGANIZATIONNAME = waxcruz;
				TargetAttributes = {
					34C3F0BB20EDDFEB002DAF24 = {
						CreatedOnToolsVersion = 9.4.1;
					};
				};
			};
			buildConfigurationList = 34C3F0B720EDDFEA002DAF24 /* Build configuration list for PBXProject "SimpleDieting" */;
			compatibilityVersion = "Xcode 9.3";
			developmentRegion = en;
			hasScannedForEncodings = 0;
			knownRegions = (
				en,
				Base,
			);
			mainGroup = 34C3F0B320EDDFEA002DAF24;
			productRefGroup = 34C3F0BD20EDDFEB002DAF24 /* Products */;
			projectDirPath = "";
			projectRoot = "";
			targets = (
				34C3F0BB20EDDFEB002DAF24 /* SimpleDieting */,
			);
		};
/* End PBXProject section */

/* Begin PBXResourcesBuildPhase section */
		34C3F0BA20EDDFEB002DAF24 /* Resources */ = {
			isa = PBXResourcesBuildPhase;
			buildActionMask = 2147483647;
			files = (
				34C3F0CA20EDDFED002DAF24 /* LaunchScreen.storyboard in Resources */,
				34C3F0C720EDDFED002DAF24 /* Assets.xcassets in Resources */,
				34C3F0C520EDDFEB002DAF24 /* Main.storyboard in Resources */,
			);
			runOnlyForDeploymentPostprocessing = 0;
		};
/* End PBXResourcesBuildPhase section */

/* Begin PBXSourcesBuildPhase section */
		34C3F0B820EDDFEB002DAF24 /* Sources */ = {
			isa = PBXSourcesBuildPhase;
			buildActionMask = 2147483647;
			files = (
				34C3F0D420EE55FD002DAF24 /* SimpleDietViewController.swift in Sources */,
				34C3F0DC20EED58B002DAF24 /* ModelController.swift in Sources */,
				34C3F0C020EDDFEB002DAF24 /* AppDelegate.swift in Sources */,
				34C3F0DA20EED2FB002DAF24 /* Model.swift in Sources */,
			);
			runOnlyForDeploymentPostprocessing = 0;
		};
/* End PBXSourcesBuildPhase section */

/* Begin PBXVariantGroup section */
		34C3F0C320EDDFEB002DAF24 /* Main.storyboard */ = {
			isa = PBXVariantGroup;
			children = (
				34C3F0C420EDDFEB002DAF24 /* Base */,
			);
			name = Main.storyboard;
			sourceTree = "<group>";
		};
		34C3F0C820EDDFED002DAF24 /* LaunchScreen.storyboard */ = {
			isa = PBXVariantGroup;
			children = (
				34C3F0C920EDDFED002DAF24 /* Base */,
			);
			name = LaunchScreen.storyboard;
			sourceTree = "<group>";
		};
/* End PBXVariantGroup section */

/* Begin XCBuildConfiguration section */
		34C3F0CC20EDDFED002DAF24 /* Debug */ = {
			isa = XCBuildConfiguration;
			buildSettings = {
				ALWAYS_SEARCH_USER_PATHS = NO;
				CLANG_ANALYZER_NONNULL = YES;
				CLANG_ANALYZER_NUMBER_OBJECT_CONVERSION = YES_AGGRESSIVE;
				CLANG_CXX_LANGUAGE_STANDARD = "gnu++14";
				CLANG_CXX_LIBRARY = "libc++";
				CLANG_ENABLE_MODULES = YES;
				CLANG_ENABLE_OBJC_ARC = YES;
				CLANG_ENABLE_OBJC_WEAK = YES;
				CLANG_WARN_BLOCK_CAPTURE_AUTORELEASING = YES;
				CLANG_WARN_BOOL_CONVERSION = YES;
				CLANG_WARN_COMMA = YES;
				CLANG_WARN_CONSTANT_CONVERSION = YES;
				CLANG_WARN_DEPRECATED_OBJC_IMPLEMENTATIONS = YES;
				CLANG_WARN_DIRECT_OBJC_ISA_USAGE = YES_ERROR;
				CLANG_WARN_DOCUMENTATION_COMMENTS = YES;
				CLANG_WARN_EMPTY_BODY = YES;
				CLANG_WARN_ENUM_CONVERSION = YES;
				CLANG_WARN_INFINITE_RECURSION = YES;
				CLANG_WARN_INT_CONVERSION = YES;
				CLANG_WARN_NON_LITERAL_NULL_CONVERSION = YES;
				CLANG_WARN_OBJC_IMPLICIT_RETAIN_SELF = YES;
				CLANG_WARN_OBJC_LITERAL_CONVERSION = YES;
				CLANG_WARN_OBJC_ROOT_CLASS = YES_ERROR;
				CLANG_WARN_RANGE_LOOP_ANALYSIS = YES;
				CLANG_WARN_STRICT_PROTOTYPES = YES;
				CLANG_WARN_SUSPICIOUS_MOVE = YES;
				CLANG_WARN_UNGUARDED_AVAILABILITY = YES_AGGRESSIVE;
				CLANG_WARN_UNREACHABLE_CODE = YES;
				CLANG_WARN__DUPLICATE_METHOD_MATCH = YES;
				CODE_SIGN_IDENTITY = "iPhone Developer";
				COPY_PHASE_STRIP = NO;
				DEBUG_INFORMATION_FORMAT = dwarf;
				ENABLE_STRICT_OBJC_MSGSEND = YES;
				ENABLE_TESTABILITY = YES;
				GCC_C_LANGUAGE_STANDARD = gnu11;
				GCC_DYNAMIC_NO_PIC = NO;
				GCC_NO_COMMON_BLOCKS = YES;
				GCC_OPTIMIZATION_LEVEL = 0;
				GCC_PREPROCESSOR_DEFINITIONS = (
					"DEBUG=1",
					"$(inherited)",
				);
				GCC_WARN_64_TO_32_BIT_CONVERSION = YES;
				GCC_WARN_ABOUT_RETURN_TYPE = YES_ERROR;
				GCC_WARN_UNDECLARED_SELECTOR = YES;
				GCC_WARN_UNINITIALIZED_AUTOS = YES_AGGRESSIVE;
				GCC_WARN_UNUSED_FUNCTION = YES;
				GCC_WARN_UNUSED_VARIABLE = YES;
				IPHONEOS_DEPLOYMENT_TARGET = 11.4;
				MTL_ENABLE_DEBUG_INFO = YES;
				ONLY_ACTIVE_ARCH = YES;
				SDKROOT = iphoneos;
				SWIFT_ACTIVE_COMPILATION_CONDITIONS = DEBUG;
				SWIFT_OPTIMIZATION_LEVEL = "-Onone";
			};
			name = Debug;
		};
		34C3F0CD20EDDFED002DAF24 /* Release */ = {
			isa = XCBuildConfiguration;
			buildSettings = {
				ALWAYS_SEARCH_USER_PATHS = NO;
				CLANG_ANALYZER_NONNULL = YES;
				CLANG_ANALYZER_NUMBER_OBJECT_CONVERSION = YES_AGGRESSIVE;
				CLANG_CXX_LANGUAGE_STANDARD = "gnu++14";
				CLANG_CXX_LIBRARY = "libc++";
				CLANG_ENABLE_MODULES = YES;
				CLANG_ENABLE_OBJC_ARC = YES;
				CLANG_ENABLE_OBJC_WEAK = YES;
				CLANG_WARN_BLOCK_CAPTURE_AUTORELEASING = YES;
				CLANG_WARN_BOOL_CONVERSION = YES;
				CLANG_WARN_COMMA = YES;
				CLANG_WARN_CONSTANT_CONVERSION = YES;
				CLANG_WARN_DEPRECATED_OBJC_IMPLEMENTATIONS = YES;
				CLANG_WARN_DIRECT_OBJC_ISA_USAGE = YES_ERROR;
				CLANG_WARN_DOCUMENTATION_COMMENTS = YES;
				CLANG_WARN_EMPTY_BODY = YES;
				CLANG_WARN_ENUM_CONVERSION = YES;
				CLANG_WARN_INFINITE_RECURSION = YES;
				CLANG_WARN_INT_CONVERSION = YES;
				CLANG_WARN_NON_LITERAL_NULL_CONVERSION = YES;
				CLANG_WARN_OBJC_IMPLICIT_RETAIN_SELF = YES;
				CLANG_WARN_OBJC_LITERAL_CONVERSION = YES;
				CLANG_WARN_OBJC_ROOT_CLASS = YES_ERROR;
				CLANG_WARN_RANGE_LOOP_ANALYSIS = YES;
				CLANG_WARN_STRICT_PROTOTYPES = YES;
				CLANG_WARN_SUSPICIOUS_MOVE = YES;
				CLANG_WARN_UNGUARDED_AVAILABILITY = YES_AGGRESSIVE;
				CLANG_WARN_UNREACHABLE_CODE = YES;
				CLANG_WARN__DUPLICATE_METHOD_MATCH = YES;
				CODE_SIGN_IDENTITY = "iPhone Developer";
				COPY_PHASE_STRIP = NO;
				DEBUG_INFORMATION_FORMAT = "dwarf-with-dsym";
				ENABLE_NS_ASSERTIONS = NO;
				ENABLE_STRICT_OBJC_MSGSEND = YES;
				GCC_C_LANGUAGE_STANDARD = gnu11;
				GCC_NO_COMMON_BLOCKS = YES;
				GCC_WARN_64_TO_32_BIT_CONVERSION = YES;
				GCC_WARN_ABOUT_RETURN_TYPE = YES_ERROR;
				GCC_WARN_UNDECLARED_SELECTOR = YES;
				GCC_WARN_UNINITIALIZED_AUTOS = YES_AGGRESSIVE;
				GCC_WARN_UNUSED_FUNCTION = YES;
				GCC_WARN_UNUSED_VARIABLE = YES;
				IPHONEOS_DEPLOYMENT_TARGET = 11.4;
				MTL_ENABLE_DEBUG_INFO = NO;
				SDKROOT = iphoneos;
				SWIFT_COMPILATION_MODE = wholemodule;
				SWIFT_OPTIMIZATION_LEVEL = "-O";
				VALIDATE_PRODUCT = YES;
			};
			name = Release;
		};
		34C3F0CF20EDDFED002DAF24 /* Debug */ = {
			isa = XCBuildConfiguration;
			buildSettings = {
				ASSETCATALOG_COMPILER_APPICON_NAME = AppIcon;
				CODE_SIGN_STYLE = Automatic;
				DEVELOPMENT_TEAM = XZMW4PYK4Y;
				INFOPLIST_FILE = SimpleDieting/Info.plist;
				LD_RUNPATH_SEARCH_PATHS = (
					"$(inherited)",
					"@executable_path/Frameworks",
				);
				PRODUCT_BUNDLE_IDENTIFIER = com.waxcruz.SimpleDieting;
				PRODUCT_NAME = "$(TARGET_NAME)";
				SWIFT_VERSION = 4.0;
				TARGETED_DEVICE_FAMILY = "1,2";
			};
			name = Debug;
		};
		34C3F0D020EDDFED002DAF24 /* Release */ = {
			isa = XCBuildConfiguration;
			buildSettings = {
				ASSETCATALOG_COMPILER_APPICON_NAME = AppIcon;
				CODE_SIGN_STYLE = Automatic;
				DEVELOPMENT_TEAM = XZMW4PYK4Y;
				INFOPLIST_FILE = SimpleDieting/Info.plist;
				LD_RUNPATH_SEARCH_PATHS = (
					"$(inherited)",
					"@executable_path/Frameworks",
				);
				PRODUCT_BUNDLE_IDENTIFIER = com.waxcruz.SimpleDieting;
				PRODUCT_NAME = "$(TARGET_NAME)";
				SWIFT_VERSION = 4.0;
				TARGETED_DEVICE_FAMILY = "1,2";
			};
			name = Release;
		};
/* End XCBuildConfiguration section */

/* Begin XCConfigurationList section */
		34C3F0B720EDDFEA002DAF24 /* Build configuration list for PBXProject "SimpleDieting" */ = {
			isa = XCConfigurationList;
			buildConfigurations = (
				34C3F0CC20EDDFED002DAF24 /* Debug */,
				34C3F0CD20EDDFED002DAF24 /* Release */,
			);
			defaultConfigurationIsVisible = 0;
			defaultConfigurationName = Release;
		};
		34C3F0CE20EDDFED002DAF24 /* Build configuration list for PBXNativeTarget "SimpleDieting" */ = {
			isa = XCConfigurationList;
			buildConfigurations = (
				34C3F0CF20EDDFED002DAF24 /* Debug */,
				34C3F0D020EDDFED002DAF24 /* Release */,
			);
			defaultConfigurationIsVisible = 0;
			defaultConfigurationName = Release;
		};
/* End XCConfigurationList section */
	};
	rootObject = 34C3F0B420EDDFEA002DAF24 /* Project object */;
}
